// !$*UTF8*$!
{
	archiveVersion = 1;
	classes = {
	};
	objectVersion = 56;
	objects = {

/* Begin PBXBuildFile section */
		1D1EBD7E492C174318DBB98F /* Pods_Pokemon.framework in Frameworks */ = {isa = PBXBuildFile; fileRef = 510322D0FC2CE210548AB55A /* Pods_Pokemon.framework */; };
		9226A0E92BD1AB340061ED06 /* PokemonResponse.swift in Sources */ = {isa = PBXBuildFile; fileRef = 9226A0E82BD1AB340061ED06 /* PokemonResponse.swift */; };
		9226A0EB2BD1AB870061ED06 /* PokemonFeed.swift in Sources */ = {isa = PBXBuildFile; fileRef = 9226A0EA2BD1AB870061ED06 /* PokemonFeed.swift */; };
		923259012BDE8897008BF204 /* DetailsView.swift in Sources */ = {isa = PBXBuildFile; fileRef = 923259002BDE8897008BF204 /* DetailsView.swift */; };
		923259032BDE8F6D008BF204 /* DetailsViewController.swift in Sources */ = {isa = PBXBuildFile; fileRef = 923259022BDE8F6D008BF204 /* DetailsViewController.swift */; };
		923259052BDE96F1008BF204 /* DetailsViewModel.swift in Sources */ = {isa = PBXBuildFile; fileRef = 923259042BDE96F1008BF204 /* DetailsViewModel.swift */; };
		923259072BDEDF6C008BF204 /* PokemonDetailsResponse.swift in Sources */ = {isa = PBXBuildFile; fileRef = 923259062BDEDF6C008BF204 /* PokemonDetailsResponse.swift */; };
		924DAD5D2C0CF14900F38B22 /* Extensions.swift in Sources */ = {isa = PBXBuildFile; fileRef = 924DAD5C2C0CF14900F38B22 /* Extensions.swift */; };
		926F952C2BD00C7A00E38861 /* AppDelegate.swift in Sources */ = {isa = PBXBuildFile; fileRef = 926F952B2BD00C7A00E38861 /* AppDelegate.swift */; };
		926F952E2BD00C7A00E38861 /* SceneDelegate.swift in Sources */ = {isa = PBXBuildFile; fileRef = 926F952D2BD00C7A00E38861 /* SceneDelegate.swift */; };
		926F95302BD00C7A00E38861 /* ListViewController.swift in Sources */ = {isa = PBXBuildFile; fileRef = 926F952F2BD00C7A00E38861 /* ListViewController.swift */; };
		926F95352BD00C7B00E38861 /* Assets.xcassets in Resources */ = {isa = PBXBuildFile; fileRef = 926F95342BD00C7B00E38861 /* Assets.xcassets */; };
		926F95382BD00C7B00E38861 /* LaunchScreen.storyboard in Resources */ = {isa = PBXBuildFile; fileRef = 926F95362BD00C7B00E38861 /* LaunchScreen.storyboard */; };
		926F95432BD0355C00E38861 /* ListViewModel.swift in Sources */ = {isa = PBXBuildFile; fileRef = 926F95422BD0355C00E38861 /* ListViewModel.swift */; };
		926F95452BD0356900E38861 /* Bindable.swift in Sources */ = {isa = PBXBuildFile; fileRef = 926F95442BD0356900E38861 /* Bindable.swift */; };
		92879A842BD152330059348B /* ListView.swift in Sources */ = {isa = PBXBuildFile; fileRef = 92879A832BD152330059348B /* ListView.swift */; };
		92879A862BD152490059348B /* ListCell.swift in Sources */ = {isa = PBXBuildFile; fileRef = 92879A852BD152480059348B /* ListCell.swift */; };
		92879A882BD16B410059348B /* Service.swift in Sources */ = {isa = PBXBuildFile; fileRef = 92879A872BD16B410059348B /* Service.swift */; };
		9291C9CF2D57C38300AAD1DA /* SignupViewController.swift in Sources */ = {isa = PBXBuildFile; fileRef = 9291C9CE2D57C38300AAD1DA /* SignupViewController.swift */; };
		9291C9D12D57CC6F00AAD1DA /* SignupView.swift in Sources */ = {isa = PBXBuildFile; fileRef = 9291C9D02D57CC6F00AAD1DA /* SignupView.swift */; };
		9291C9D32D57D0D800AAD1DA /* LoginViewController.swift in Sources */ = {isa = PBXBuildFile; fileRef = 9291C9D22D57D0D800AAD1DA /* LoginViewController.swift */; };
		92B17AB52D57C05700C4C1CE /* GoogleService-Info.plist in Resources */ = {isa = PBXBuildFile; fileRef = 92B17AB42D57C05700C4C1CE /* GoogleService-Info.plist */; };
		92C906212D5645B7004AB1E1 /* MainScreenViewController.swift in Sources */ = {isa = PBXBuildFile; fileRef = 92C9061F2D5645B7004AB1E1 /* MainScreenViewController.swift */; };
		92D8E67B2BDD8F2A00660A65 /* PokemonDetails.swift in Sources */ = {isa = PBXBuildFile; fileRef = 92D8E67A2BDD8F2A00660A65 /* PokemonDetails.swift */; };
/* End PBXBuildFile section */

/* Begin PBXFileReference section */
		510322D0FC2CE210548AB55A /* Pods_Pokemon.framework */ = {isa = PBXFileReference; explicitFileType = wrapper.framework; includeInIndex = 0; path = Pods_Pokemon.framework; sourceTree = BUILT_PRODUCTS_DIR; };
		6F2F022C8176703DFF374E01 /* Pods-Pokemon.debug.xcconfig */ = {isa = PBXFileReference; includeInIndex = 1; lastKnownFileType = text.xcconfig; name = "Pods-Pokemon.debug.xcconfig"; path = "Target Support Files/Pods-Pokemon/Pods-Pokemon.debug.xcconfig"; sourceTree = "<group>"; };
		9226A0E82BD1AB340061ED06 /* PokemonResponse.swift */ = {isa = PBXFileReference; lastKnownFileType = sourcecode.swift; path = PokemonResponse.swift; sourceTree = "<group>"; };
		9226A0EA2BD1AB870061ED06 /* PokemonFeed.swift */ = {isa = PBXFileReference; lastKnownFileType = sourcecode.swift; path = PokemonFeed.swift; sourceTree = "<group>"; };
		923259002BDE8897008BF204 /* DetailsView.swift */ = {isa = PBXFileReference; lastKnownFileType = sourcecode.swift; path = DetailsView.swift; sourceTree = "<group>"; };
		923259022BDE8F6D008BF204 /* DetailsViewController.swift */ = {isa = PBXFileReference; lastKnownFileType = sourcecode.swift; path = DetailsViewController.swift; sourceTree = "<group>"; };
		923259042BDE96F1008BF204 /* DetailsViewModel.swift */ = {isa = PBXFileReference; lastKnownFileType = sourcecode.swift; path = DetailsViewModel.swift; sourceTree = "<group>"; };
		923259062BDEDF6C008BF204 /* PokemonDetailsResponse.swift */ = {isa = PBXFileReference; lastKnownFileType = sourcecode.swift; path = PokemonDetailsResponse.swift; sourceTree = "<group>"; };
		924DAD5C2C0CF14900F38B22 /* Extensions.swift */ = {isa = PBXFileReference; lastKnownFileType = sourcecode.swift; path = Extensions.swift; sourceTree = "<group>"; };
		926F95282BD00C7A00E38861 /* Pokemon.app */ = {isa = PBXFileReference; explicitFileType = wrapper.application; includeInIndex = 0; path = Pokemon.app; sourceTree = BUILT_PRODUCTS_DIR; };
		926F952B2BD00C7A00E38861 /* AppDelegate.swift */ = {isa = PBXFileReference; lastKnownFileType = sourcecode.swift; path = AppDelegate.swift; sourceTree = "<group>"; };
		926F952D2BD00C7A00E38861 /* SceneDelegate.swift */ = {isa = PBXFileReference; lastKnownFileType = sourcecode.swift; path = SceneDelegate.swift; sourceTree = "<group>"; };
		926F952F2BD00C7A00E38861 /* ListViewController.swift */ = {isa = PBXFileReference; lastKnownFileType = sourcecode.swift; path = ListViewController.swift; sourceTree = "<group>"; };
		926F95342BD00C7B00E38861 /* Assets.xcassets */ = {isa = PBXFileReference; lastKnownFileType = folder.assetcatalog; path = Assets.xcassets; sourceTree = "<group>"; };
		926F95372BD00C7B00E38861 /* Base */ = {isa = PBXFileReference; lastKnownFileType = file.storyboard; name = Base; path = Base.lproj/LaunchScreen.storyboard; sourceTree = "<group>"; };
		926F95392BD00C7B00E38861 /* Info.plist */ = {isa = PBXFileReference; lastKnownFileType = text.plist.xml; path = Info.plist; sourceTree = "<group>"; };
		926F95422BD0355C00E38861 /* ListViewModel.swift */ = {isa = PBXFileReference; lastKnownFileType = sourcecode.swift; path = ListViewModel.swift; sourceTree = "<group>"; };
		926F95442BD0356900E38861 /* Bindable.swift */ = {isa = PBXFileReference; lastKnownFileType = sourcecode.swift; path = Bindable.swift; sourceTree = "<group>"; };
		92879A832BD152330059348B /* ListView.swift */ = {isa = PBXFileReference; lastKnownFileType = sourcecode.swift; path = ListView.swift; sourceTree = "<group>"; };
		92879A852BD152480059348B /* ListCell.swift */ = {isa = PBXFileReference; lastKnownFileType = sourcecode.swift; path = ListCell.swift; sourceTree = "<group>"; };
		92879A872BD16B410059348B /* Service.swift */ = {isa = PBXFileReference; lastKnownFileType = sourcecode.swift; path = Service.swift; sourceTree = "<group>"; };
		9291C9CE2D57C38300AAD1DA /* SignupViewController.swift */ = {isa = PBXFileReference; lastKnownFileType = sourcecode.swift; path = SignupViewController.swift; sourceTree = "<group>"; };
		9291C9D02D57CC6F00AAD1DA /* SignupView.swift */ = {isa = PBXFileReference; lastKnownFileType = sourcecode.swift; path = SignupView.swift; sourceTree = "<group>"; };
		9291C9D22D57D0D800AAD1DA /* LoginViewController.swift */ = {isa = PBXFileReference; lastKnownFileType = sourcecode.swift; path = LoginViewController.swift; sourceTree = "<group>"; };
		92B17AB42D57C05700C4C1CE /* GoogleService-Info.plist */ = {isa = PBXFileReference; lastKnownFileType = text.plist.xml; path = "GoogleService-Info.plist"; sourceTree = "<group>"; };
		92C9061F2D5645B7004AB1E1 /* MainScreenViewController.swift */ = {isa = PBXFileReference; lastKnownFileType = sourcecode.swift; path = MainScreenViewController.swift; sourceTree = "<group>"; };
		92D8E67A2BDD8F2A00660A65 /* PokemonDetails.swift */ = {isa = PBXFileReference; lastKnownFileType = sourcecode.swift; path = PokemonDetails.swift; sourceTree = "<group>"; };
		B4F36B274285788546B332D9 /* Pods-Pokemon.release.xcconfig */ = {isa = PBXFileReference; includeInIndex = 1; lastKnownFileType = text.xcconfig; name = "Pods-Pokemon.release.xcconfig"; path = "Target Support Files/Pods-Pokemon/Pods-Pokemon.release.xcconfig"; sourceTree = "<group>"; };
/* End PBXFileReference section */

/* Begin PBXFrameworksBuildPhase section */
		926F95252BD00C7A00E38861 /* Frameworks */ = {
			isa = PBXFrameworksBuildPhase;
			buildActionMask = 2147483647;
			files = (
				1D1EBD7E492C174318DBB98F /* Pods_Pokemon.framework in Frameworks */,
			);
			runOnlyForDeploymentPostprocessing = 0;
		};
/* End PBXFrameworksBuildPhase section */

/* Begin PBXGroup section */
		7DC91B102AEC59094A63257A /* Pods */ = {
			isa = PBXGroup;
			children = (
				6F2F022C8176703DFF374E01 /* Pods-Pokemon.debug.xcconfig */,
				B4F36B274285788546B332D9 /* Pods-Pokemon.release.xcconfig */,
			);
			path = Pods;
			sourceTree = "<group>";
		};
		92149E952BD0949500B50C7D /* App */ = {
			isa = PBXGroup;
			children = (
				92149E962BD0949B00B50C7D /* Model */,
				92149E972BD094A000B50C7D /* Network */,
				92149E982BD094A500B50C7D /* Screens */,
				92149E9D2BD0951300B50C7D /* Utils */,
			);
			path = App;
			sourceTree = "<group>";
		};
		92149E962BD0949B00B50C7D /* Model */ = {
			isa = PBXGroup;
			children = (
				9226A0E82BD1AB340061ED06 /* PokemonResponse.swift */,
				923259062BDEDF6C008BF204 /* PokemonDetailsResponse.swift */,
				9226A0EA2BD1AB870061ED06 /* PokemonFeed.swift */,
				92D8E67A2BDD8F2A00660A65 /* PokemonDetails.swift */,
			);
			path = Model;
			sourceTree = "<group>";
		};
		92149E972BD094A000B50C7D /* Network */ = {
			isa = PBXGroup;
			children = (
				92879A872BD16B410059348B /* Service.swift */,
			);
			path = Network;
			sourceTree = "<group>";
		};
		92149E982BD094A500B50C7D /* Screens */ = {
			isa = PBXGroup;
			children = (
				9291C9CD2D57C35C00AAD1DA /* Authentication */,
				92C906202D5645B7004AB1E1 /* MainScreen */,
				92149E992BD094B400B50C7D /* List */,
				92D8E67C2BDD8F8000660A65 /* Details */,
			);
			path = Screens;
			sourceTree = "<group>";
		};
		92149E992BD094B400B50C7D /* List */ = {
			isa = PBXGroup;
			children = (
				926F952F2BD00C7A00E38861 /* ListViewController.swift */,
				92879A832BD152330059348B /* ListView.swift */,
				92879A852BD152480059348B /* ListCell.swift */,
				926F95422BD0355C00E38861 /* ListViewModel.swift */,
			);
			path = List;
			sourceTree = "<group>";
		};
		92149E9D2BD0951300B50C7D /* Utils */ = {
			isa = PBXGroup;
			children = (
				926F95442BD0356900E38861 /* Bindable.swift */,
				924DAD5C2C0CF14900F38B22 /* Extensions.swift */,
			);
			path = Utils;
			sourceTree = "<group>";
		};
		926F951F2BD00C7A00E38861 = {
			isa = PBXGroup;
			children = (
				926F952A2BD00C7A00E38861 /* Pokemon */,
				926F95292BD00C7A00E38861 /* Products */,
				7DC91B102AEC59094A63257A /* Pods */,
				D2189D1ADC19427DFA8BC5EB /* Frameworks */,
			);
			sourceTree = "<group>";
		};
		926F95292BD00C7A00E38861 /* Products */ = {
			isa = PBXGroup;
			children = (
				926F95282BD00C7A00E38861 /* Pokemon.app */,
			);
			name = Products;
			sourceTree = "<group>";
		};
		926F952A2BD00C7A00E38861 /* Pokemon */ = {
			isa = PBXGroup;
			children = (
				92149E952BD0949500B50C7D /* App */,
				926F953F2BD00CE700E38861 /* Resources */,
				92B17AB42D57C05700C4C1CE /* GoogleService-Info.plist */,
			);
			path = Pokemon;
			sourceTree = "<group>";
		};
		926F953F2BD00CE700E38861 /* Resources */ = {
			isa = PBXGroup;
			children = (
				926F952B2BD00C7A00E38861 /* AppDelegate.swift */,
				926F952D2BD00C7A00E38861 /* SceneDelegate.swift */,
				926F95342BD00C7B00E38861 /* Assets.xcassets */,
				926F95362BD00C7B00E38861 /* LaunchScreen.storyboard */,
				926F95392BD00C7B00E38861 /* Info.plist */,
			);
			path = Resources;
			sourceTree = "<group>";
		};
		9291C9CB2D57C35C00AAD1DA /* Login */ = {
			isa = PBXGroup;
			children = (
				9291C9D22D57D0D800AAD1DA /* LoginViewController.swift */,
			);
			path = Login;
			sourceTree = "<group>";
		};
		9291C9CC2D57C35C00AAD1DA /* Signup */ = {
			isa = PBXGroup;
			children = (
				9291C9D02D57CC6F00AAD1DA /* SignupView.swift */,
				9291C9CE2D57C38300AAD1DA /* SignupViewController.swift */,
			);
			path = Signup;
			sourceTree = "<group>";
		};
		9291C9CD2D57C35C00AAD1DA /* Authentication */ = {
			isa = PBXGroup;
			children = (
				9291C9CB2D57C35C00AAD1DA /* Login */,
				9291C9CC2D57C35C00AAD1DA /* Signup */,
			);
			path = Authentication;
			sourceTree = "<group>";
		};
		92C906202D5645B7004AB1E1 /* MainScreen */ = {
			isa = PBXGroup;
			children = (
				92C9061F2D5645B7004AB1E1 /* MainScreenViewController.swift */,
			);
			path = MainScreen;
			sourceTree = "<group>";
		};
		92D8E67C2BDD8F8000660A65 /* Details */ = {
			isa = PBXGroup;
			children = (
				923259022BDE8F6D008BF204 /* DetailsViewController.swift */,
				923259002BDE8897008BF204 /* DetailsView.swift */,
				923259042BDE96F1008BF204 /* DetailsViewModel.swift */,
			);
			path = Details;
			sourceTree = "<group>";
		};
		D2189D1ADC19427DFA8BC5EB /* Frameworks */ = {
			isa = PBXGroup;
			children = (
				510322D0FC2CE210548AB55A /* Pods_Pokemon.framework */,
			);
			name = Frameworks;
			sourceTree = "<group>";
		};
/* End PBXGroup section */

/* Begin PBXNativeTarget section */
		926F95272BD00C7A00E38861 /* Pokemon */ = {
			isa = PBXNativeTarget;
			buildConfigurationList = 926F953C2BD00C7B00E38861 /* Build configuration list for PBXNativeTarget "Pokemon" */;
			buildPhases = (
				D1E1B6C83DA305FAE6B87736 /* [CP] Check Pods Manifest.lock */,
				926F95242BD00C7A00E38861 /* Sources */,
				926F95252BD00C7A00E38861 /* Frameworks */,
				926F95262BD00C7A00E38861 /* Resources */,
				86553565335CA73216054939 /* [CP] Embed Pods Frameworks */,
			);
			buildRules = (
			);
			dependencies = (
			);
			name = Pokemon;
			productName = Pokemon;
			productReference = 926F95282BD00C7A00E38861 /* Pokemon.app */;
			productType = "com.apple.product-type.application";
		};
/* End PBXNativeTarget section */

/* Begin PBXProject section */
		926F95202BD00C7A00E38861 /* Project object */ = {
			isa = PBXProject;
			attributes = {
				BuildIndependentTargetsInParallel = 1;
				LastSwiftUpdateCheck = 1500;
				LastUpgradeCheck = 1500;
				TargetAttributes = {
					926F95272BD00C7A00E38861 = {
						CreatedOnToolsVersion = 15.0.1;
					};
				};
			};
			buildConfigurationList = 926F95232BD00C7A00E38861 /* Build configuration list for PBXProject "Pokemon" */;
			compatibilityVersion = "Xcode 14.0";
			developmentRegion = en;
			hasScannedForEncodings = 0;
			knownRegions = (
				en,
				Base,
			);
			mainGroup = 926F951F2BD00C7A00E38861;
			productRefGroup = 926F95292BD00C7A00E38861 /* Products */;
			projectDirPath = "";
			projectRoot = "";
			targets = (
				926F95272BD00C7A00E38861 /* Pokemon */,
			);
		};
/* End PBXProject section */

/* Begin PBXResourcesBuildPhase section */
		926F95262BD00C7A00E38861 /* Resources */ = {
			isa = PBXResourcesBuildPhase;
			buildActionMask = 2147483647;
			files = (
				926F95382BD00C7B00E38861 /* LaunchScreen.storyboard in Resources */,
				926F95352BD00C7B00E38861 /* Assets.xcassets in Resources */,
				92B17AB52D57C05700C4C1CE /* GoogleService-Info.plist in Resources */,
			);
			runOnlyForDeploymentPostprocessing = 0;
		};
/* End PBXResourcesBuildPhase section */

/* Begin PBXShellScriptBuildPhase section */
		86553565335CA73216054939 /* [CP] Embed Pods Frameworks */ = {
			isa = PBXShellScriptBuildPhase;
			buildActionMask = 2147483647;
			files = (
			);
			inputFileListPaths = (
				"${PODS_ROOT}/Target Support Files/Pods-Pokemon/Pods-Pokemon-frameworks-${CONFIGURATION}-input-files.xcfilelist",
			);
			name = "[CP] Embed Pods Frameworks";
			outputFileListPaths = (
				"${PODS_ROOT}/Target Support Files/Pods-Pokemon/Pods-Pokemon-frameworks-${CONFIGURATION}-output-files.xcfilelist",
			);
			runOnlyForDeploymentPostprocessing = 0;
			shellPath = /bin/sh;
			shellScript = "\"${PODS_ROOT}/Target Support Files/Pods-Pokemon/Pods-Pokemon-frameworks.sh\"\n";
			showEnvVarsInLog = 0;
		};
		D1E1B6C83DA305FAE6B87736 /* [CP] Check Pods Manifest.lock */ = {
			isa = PBXShellScriptBuildPhase;
			buildActionMask = 2147483647;
			files = (
			);
			inputFileListPaths = (
			);
			inputPaths = (
				"${PODS_PODFILE_DIR_PATH}/Podfile.lock",
				"${PODS_ROOT}/Manifest.lock",
			);
			name = "[CP] Check Pods Manifest.lock";
			outputFileListPaths = (
			);
			outputPaths = (
				"$(DERIVED_FILE_DIR)/Pods-Pokemon-checkManifestLockResult.txt",
			);
			runOnlyForDeploymentPostprocessing = 0;
			shellPath = /bin/sh;
			shellScript = "diff \"${PODS_PODFILE_DIR_PATH}/Podfile.lock\" \"${PODS_ROOT}/Manifest.lock\" > /dev/null\nif [ $? != 0 ] ; then\n    # print error to STDERR\n    echo \"error: The sandbox is not in sync with the Podfile.lock. Run 'pod install' or update your CocoaPods installation.\" >&2\n    exit 1\nfi\n# This output is used by Xcode 'outputs' to avoid re-running this script phase.\necho \"SUCCESS\" > \"${SCRIPT_OUTPUT_FILE_0}\"\n";
			showEnvVarsInLog = 0;
		};
/* End PBXShellScriptBuildPhase section */

/* Begin PBXSourcesBuildPhase section */
		926F95242BD00C7A00E38861 /* Sources */ = {
			isa = PBXSourcesBuildPhase;
			buildActionMask = 2147483647;
			files = (
				9291C9D12D57CC6F00AAD1DA /* SignupView.swift in Sources */,
				9291C9CF2D57C38300AAD1DA /* SignupViewController.swift in Sources */,
				926F95452BD0356900E38861 /* Bindable.swift in Sources */,
				92C906212D5645B7004AB1E1 /* MainScreenViewController.swift in Sources */,
				92879A882BD16B410059348B /* Service.swift in Sources */,
				9226A0E92BD1AB340061ED06 /* PokemonResponse.swift in Sources */,
				92D8E67B2BDD8F2A00660A65 /* PokemonDetails.swift in Sources */,
				926F95302BD00C7A00E38861 /* ListViewController.swift in Sources */,
				9291C9D32D57D0D800AAD1DA /* LoginViewController.swift in Sources */,
				923259012BDE8897008BF204 /* DetailsView.swift in Sources */,
				923259072BDEDF6C008BF204 /* PokemonDetailsResponse.swift in Sources */,
				92879A842BD152330059348B /* ListView.swift in Sources */,
				92879A862BD152490059348B /* ListCell.swift in Sources */,
				926F952C2BD00C7A00E38861 /* AppDelegate.swift in Sources */,
				926F952E2BD00C7A00E38861 /* SceneDelegate.swift in Sources */,
				924DAD5D2C0CF14900F38B22 /* Extensions.swift in Sources */,
				9226A0EB2BD1AB870061ED06 /* PokemonFeed.swift in Sources */,
				923259052BDE96F1008BF204 /* DetailsViewModel.swift in Sources */,
				923259032BDE8F6D008BF204 /* DetailsViewController.swift in Sources */,
				926F95432BD0355C00E38861 /* ListViewModel.swift in Sources */,
			);
			runOnlyForDeploymentPostprocessing = 0;
		};
/* End PBXSourcesBuildPhase section */

/* Begin PBXVariantGroup section */
		926F95362BD00C7B00E38861 /* LaunchScreen.storyboard */ = {
			isa = PBXVariantGroup;
			children = (
				926F95372BD00C7B00E38861 /* Base */,
			);
			name = LaunchScreen.storyboard;
			sourceTree = "<group>";
		};
/* End PBXVariantGroup section */

/* Begin XCBuildConfiguration section */
		926F953A2BD00C7B00E38861 /* Debug */ = {
			isa = XCBuildConfiguration;
			buildSettings = {
				ALWAYS_SEARCH_USER_PATHS = NO;
				ASSETCATALOG_COMPILER_GENERATE_SWIFT_ASSET_SYMBOL_EXTENSIONS = YES;
				CLANG_ANALYZER_NONNULL = YES;
				CLANG_ANALYZER_NUMBER_OBJECT_CONVERSION = YES_AGGRESSIVE;
				CLANG_CXX_LANGUAGE_STANDARD = "gnu++20";
				CLANG_ENABLE_MODULES = YES;
				CLANG_ENABLE_OBJC_ARC = YES;
				CLANG_ENABLE_OBJC_WEAK = YES;
				CLANG_WARN_BLOCK_CAPTURE_AUTORELEASING = YES;
				CLANG_WARN_BOOL_CONVERSION = YES;
				CLANG_WARN_COMMA = YES;
				CLANG_WARN_CONSTANT_CONVERSION = YES;
				CLANG_WARN_DEPRECATED_OBJC_IMPLEMENTATIONS = YES;
				CLANG_WARN_DIRECT_OBJC_ISA_USAGE = YES_ERROR;
				CLANG_WARN_DOCUMENTATION_COMMENTS = YES;
				CLANG_WARN_EMPTY_BODY = YES;
				CLANG_WARN_ENUM_CONVERSION = YES;
				CLANG_WARN_INFINITE_RECURSION = YES;
				CLANG_WARN_INT_CONVERSION = YES;
				CLANG_WARN_NON_LITERAL_NULL_CONVERSION = YES;
				CLANG_WARN_OBJC_IMPLICIT_RETAIN_SELF = YES;
				CLANG_WARN_OBJC_LITERAL_CONVERSION = YES;
				CLANG_WARN_OBJC_ROOT_CLASS = YES_ERROR;
				CLANG_WARN_QUOTED_INCLUDE_IN_FRAMEWORK_HEADER = YES;
				CLANG_WARN_RANGE_LOOP_ANALYSIS = YES;
				CLANG_WARN_STRICT_PROTOTYPES = YES;
				CLANG_WARN_SUSPICIOUS_MOVE = YES;
				CLANG_WARN_UNGUARDED_AVAILABILITY = YES_AGGRESSIVE;
				CLANG_WARN_UNREACHABLE_CODE = YES;
				CLANG_WARN__DUPLICATE_METHOD_MATCH = YES;
				COPY_PHASE_STRIP = NO;
				DEBUG_INFORMATION_FORMAT = dwarf;
				ENABLE_STRICT_OBJC_MSGSEND = YES;
				ENABLE_TESTABILITY = YES;
				ENABLE_USER_SCRIPT_SANDBOXING = NO;
				GCC_C_LANGUAGE_STANDARD = gnu17;
				GCC_DYNAMIC_NO_PIC = NO;
				GCC_NO_COMMON_BLOCKS = YES;
				GCC_OPTIMIZATION_LEVEL = 0;
				GCC_PREPROCESSOR_DEFINITIONS = (
					"DEBUG=1",
					"$(inherited)",
				);
				GCC_WARN_64_TO_32_BIT_CONVERSION = YES;
				GCC_WARN_ABOUT_RETURN_TYPE = YES_ERROR;
				GCC_WARN_UNDECLARED_SELECTOR = YES;
				GCC_WARN_UNINITIALIZED_AUTOS = YES_AGGRESSIVE;
				GCC_WARN_UNUSED_FUNCTION = YES;
				GCC_WARN_UNUSED_VARIABLE = YES;
				IPHONEOS_DEPLOYMENT_TARGET = 17.0;
				LOCALIZATION_PREFERS_STRING_CATALOGS = YES;
				MTL_ENABLE_DEBUG_INFO = INCLUDE_SOURCE;
				MTL_FAST_MATH = YES;
				ONLY_ACTIVE_ARCH = YES;
				SDKROOT = iphoneos;
				SWIFT_ACTIVE_COMPILATION_CONDITIONS = "DEBUG $(inherited)";
				SWIFT_OPTIMIZATION_LEVEL = "-Onone";
			};
			name = Debug;
		};
		926F953B2BD00C7B00E38861 /* Release */ = {
			isa = XCBuildConfiguration;
			buildSettings = {
				ALWAYS_SEARCH_USER_PATHS = NO;
				ASSETCATALOG_COMPILER_GENERATE_SWIFT_ASSET_SYMBOL_EXTENSIONS = YES;
				CLANG_ANALYZER_NONNULL = YES;
				CLANG_ANALYZER_NUMBER_OBJECT_CONVERSION = YES_AGGRESSIVE;
				CLANG_CXX_LANGUAGE_STANDARD = "gnu++20";
				CLANG_ENABLE_MODULES = YES;
				CLANG_ENABLE_OBJC_ARC = YES;
				CLANG_ENABLE_OBJC_WEAK = YES;
				CLANG_WARN_BLOCK_CAPTURE_AUTORELEASING = YES;
				CLANG_WARN_BOOL_CONVERSION = YES;
				CLANG_WARN_COMMA = YES;
				CLANG_WARN_CONSTANT_CONVERSION = YES;
				CLANG_WARN_DEPRECATED_OBJC_IMPLEMENTATIONS = YES;
				CLANG_WARN_DIRECT_OBJC_ISA_USAGE = YES_ERROR;
				CLANG_WARN_DOCUMENTATION_COMMENTS = YES;
				CLANG_WARN_EMPTY_BODY = YES;
				CLANG_WARN_ENUM_CONVERSION = YES;
				CLANG_WARN_INFINITE_RECURSION = YES;
				CLANG_WARN_INT_CONVERSION = YES;
				CLANG_WARN_NON_LITERAL_NULL_CONVERSION = YES;
				CLANG_WARN_OBJC_IMPLICIT_RETAIN_SELF = YES;
				CLANG_WARN_OBJC_LITERAL_CONVERSION = YES;
				CLANG_WARN_OBJC_ROOT_CLASS = YES_ERROR;
				CLANG_WARN_QUOTED_INCLUDE_IN_FRAMEWORK_HEADER = YES;
				CLANG_WARN_RANGE_LOOP_ANALYSIS = YES;
				CLANG_WARN_STRICT_PROTOTYPES = YES;
				CLANG_WARN_SUSPICIOUS_MOVE = YES;
				CLANG_WARN_UNGUARDED_AVAILABILITY = YES_AGGRESSIVE;
				CLANG_WARN_UNREACHABLE_CODE = YES;
				CLANG_WARN__DUPLICATE_METHOD_MATCH = YES;
				COPY_PHASE_STRIP = NO;
				DEBUG_INFORMATION_FORMAT = "dwarf-with-dsym";
				ENABLE_NS_ASSERTIONS = NO;
				ENABLE_STRICT_OBJC_MSGSEND = YES;
				ENABLE_USER_SCRIPT_SANDBOXING = NO;
				GCC_C_LANGUAGE_STANDARD = gnu17;
				GCC_NO_COMMON_BLOCKS = YES;
				GCC_WARN_64_TO_32_BIT_CONVERSION = YES;
				GCC_WARN_ABOUT_RETURN_TYPE = YES_ERROR;
				GCC_WARN_UNDECLARED_SELECTOR = YES;
				GCC_WARN_UNINITIALIZED_AUTOS = YES_AGGRESSIVE;
				GCC_WARN_UNUSED_FUNCTION = YES;
				GCC_WARN_UNUSED_VARIABLE = YES;
				IPHONEOS_DEPLOYMENT_TARGET = 17.0;
				LOCALIZATION_PREFERS_STRING_CATALOGS = YES;
				MTL_ENABLE_DEBUG_INFO = NO;
				MTL_FAST_MATH = YES;
				SDKROOT = iphoneos;
				SWIFT_COMPILATION_MODE = wholemodule;
				VALIDATE_PRODUCT = YES;
			};
			name = Release;
		};
		926F953D2BD00C7B00E38861 /* Debug */ = {
			isa = XCBuildConfiguration;
			baseConfigurationReference = 6F2F022C8176703DFF374E01 /* Pods-Pokemon.debug.xcconfig */;
			buildSettings = {
				ASSETCATALOG_COMPILER_APPICON_NAME = AppIcon;
				ASSETCATALOG_COMPILER_GLOBAL_ACCENT_COLOR_NAME = AccentColor;
				CODE_SIGN_STYLE = Automatic;
				CURRENT_PROJECT_VERSION = 1;
				DEVELOPMENT_TEAM = 57HYQW6DAG;
				GENERATE_INFOPLIST_FILE = YES;
				INFOPLIST_FILE = Pokemon/Resources/Info.plist;
				INFOPLIST_KEY_UIApplicationSupportsIndirectInputEvents = YES;
				INFOPLIST_KEY_UILaunchStoryboardName = LaunchScreen;
				INFOPLIST_KEY_UISupportedInterfaceOrientations = UIInterfaceOrientationPortrait;
				INFOPLIST_KEY_UISupportedInterfaceOrientations_iPad = "UIInterfaceOrientationLandscapeLeft UIInterfaceOrientationLandscapeRight UIInterfaceOrientationPortrait UIInterfaceOrientationPortraitUpsideDown";
				LD_RUNPATH_SEARCH_PATHS = (
					"$(inherited)",
					"@executable_path/Frameworks",
				);
				MARKETING_VERSION = 1.0;
				PRODUCT_BUNDLE_IDENTIFIER = com.diggosilva.Pokemon;
				PRODUCT_NAME = "$(TARGET_NAME)";
				SWIFT_EMIT_LOC_STRINGS = YES;
				SWIFT_VERSION = 5.0;
				TARGETED_DEVICE_FAMILY = "1,2";
			};
			name = Debug;
		};
		926F953E2BD00C7B00E38861 /* Release */ = {
			isa = XCBuildConfiguration;
			baseConfigurationReference = B4F36B274285788546B332D9 /* Pods-Pokemon.release.xcconfig */;
			buildSettings = {
				ASSETCATALOG_COMPILER_APPICON_NAME = AppIcon;
				ASSETCATALOG_COMPILER_GLOBAL_ACCENT_COLOR_NAME = AccentColor;
				CODE_SIGN_STYLE = Automatic;
				CURRENT_PROJECT_VERSION = 1;
				DEVELOPMENT_TEAM = 57HYQW6DAG;
				GENERATE_INFOPLIST_FILE = YES;
				INFOPLIST_FILE = Pokemon/Resources/Info.plist;
				INFOPLIST_KEY_UIApplicationSupportsIndirectInputEvents = YES;
				INFOPLIST_KEY_UILaunchStoryboardName = LaunchScreen;
				INFOPLIST_KEY_UISupportedInterfaceOrientations = UIInterfaceOrientationPortrait;
				INFOPLIST_KEY_UISupportedInterfaceOrientations_iPad = "UIInterfaceOrientationLandscapeLeft UIInterfaceOrientationLandscapeRight UIInterfaceOrientationPortrait UIInterfaceOrientationPortraitUpsideDown";
				LD_RUNPATH_SEARCH_PATHS = (
					"$(inherited)",
					"@executable_path/Frameworks",
				);
				MARKETING_VERSION = 1.0;
				PRODUCT_BUNDLE_IDENTIFIER = com.diggosilva.Pokemon;
				PRODUCT_NAME = "$(TARGET_NAME)";
				SWIFT_EMIT_LOC_STRINGS = YES;
				SWIFT_VERSION = 5.0;
				TARGETED_DEVICE_FAMILY = "1,2";
			};
			name = Release;
		};
/* End XCBuildConfiguration section */

/* Begin XCConfigurationList section */
		926F95232BD00C7A00E38861 /* Build configuration list for PBXProject "Pokemon" */ = {
			isa = XCConfigurationList;
			buildConfigurations = (
				926F953A2BD00C7B00E38861 /* Debug */,
				926F953B2BD00C7B00E38861 /* Release */,
			);
			defaultConfigurationIsVisible = 0;
			defaultConfigurationName = Release;
		};
		926F953C2BD00C7B00E38861 /* Build configuration list for PBXNativeTarget "Pokemon" */ = {
			isa = XCConfigurationList;
			buildConfigurations = (
				926F953D2BD00C7B00E38861 /* Debug */,
				926F953E2BD00C7B00E38861 /* Release */,
			);
			defaultConfigurationIsVisible = 0;
			defaultConfigurationName = Release;
		};
/* End XCConfigurationList section */
	};
	rootObject = 926F95202BD00C7A00E38861 /* Project object */;
}
